{
	"name": "purgecss-from-pug",
	"version": "4.0.2",
	"lockfileVersion": 1,
	"requires": true,
	"dependencies": {
		"acorn": {
			"version": "7.4.1",
			"resolved": "https://registry.npmjs.org/acorn/-/acorn-7.4.1.tgz",
			"integrity": "sha512-nQyp0o1/mNdbTO1PO6kHkwSrmgZ0MT/jCCpNiwbUjGoRN4dlBhqJtoQuCnEOKzgTVwg0ZWiCoQy6SxMebQVh8A==",
			"dev": true
		},
		"character-parser": {
			"version": "2.2.0",
			"resolved": "https://registry.npmjs.org/character-parser/-/character-parser-2.2.0.tgz",
			"integrity": "sha1-x84o821LzZdE5f/CxfzeHHMmH8A=",
			"dev": true,
			"requires": {
				"is-regex": "^1.0.3"
			}
		},
		"has-symbols": {
			"version": "1.0.1",
			"resolved": "https://registry.npmjs.org/has-symbols/-/has-symbols-1.0.1.tgz",
			"integrity": "sha512-PLcsoqu++dmEIZB+6totNFKq/7Do+Z0u4oT0zKOJNl3lYK6vGwwu2hjHs+68OEZbTjiUE9bgOABXbP/GvrS0Kg==",
			"dev": true
		},
		"is-expression": {
			"version": "4.0.0",
			"resolved": "https://registry.npmjs.org/is-expression/-/is-expression-4.0.0.tgz",
			"integrity": "sha512-zMIXX63sxzG3XrkHkrAPvm/OVZVSCPNkwMHU8oTX7/U3AL78I0QXCEICXUM13BIa8TYGZ68PiTKfQz3yaTNr4A==",
			"dev": true,
			"requires": {
				"acorn": "^7.1.1",
				"object-assign": "^4.1.1"
			}
		},
		"is-regex": {
			"version": "1.1.1",
			"resolved": "https://registry.npmjs.org/is-regex/-/is-regex-1.1.1.tgz",
			"integrity": "sha512-1+QkEcxiLlB7VEyFtyBg94e08OAsvq7FUBgApTq/w2ymCLyKJgDPsybBENVtA7XCQEgEXxKPonG+mvYRxh/LIg==",
			"dev": true,
			"requires": {
				"has-symbols": "^1.0.1"
			}
		},
		"object-assign": {
			"version": "4.1.1",
			"resolved": "https://registry.npmjs.org/object-assign/-/object-assign-4.1.1.tgz",
			"integrity": "sha1-IQmtx5ZYh8/AXLvUQsrIv7s2CGM=",
			"dev": true
		},
		"pug-error": {
			"version": "2.0.0",
			"resolved": "https://registry.npmjs.org/pug-error/-/pug-error-2.0.0.tgz",
			"integrity": "sha512-sjiUsi9M4RAGHktC1drQfCr5C5eriu24Lfbt4s+7SykztEOwVZtbFk1RRq0tzLxcMxMYTBR+zMQaG07J/btayQ==",
			"dev": true
		},
		"pug-lexer": {
			"version": "5.0.0",
			"resolved": "https://registry.npmjs.org/pug-lexer/-/pug-lexer-5.0.0.tgz",
			"integrity": "sha512-52xMk8nNpuyQ/M2wjZBN5gXQLIylaGkAoTk5Y1pBhVqaopaoj8Z0iVzpbFZAqitL4RHNVDZRnJDsqEYe99Ti0A==",
			"dev": true,
			"requires": {
				"character-parser": "^2.2.0",
				"is-expression": "^4.0.0",
				"pug-error": "^2.0.0"
			}
		},
		"pug-parser": {
			"version": "6.0.0",
			"resolved": "https://registry.npmjs.org/pug-parser/-/pug-parser-6.0.0.tgz",
			"integrity": "sha512-ukiYM/9cH6Cml+AOl5kETtM9NR3WulyVP2y4HOU45DyMim1IeP/OOiyEWRr6qk5I5klpsBnbuHpwKmTx6WURnw==",
			"dev": true,
			"requires": {
				"pug-error": "^2.0.0",
				"token-stream": "1.0.0"
			}
		},
		"token-stream": {
			"version": "1.0.0",
			"resolved": "https://registry.npmjs.org/token-stream/-/token-stream-1.0.0.tgz",
			"integrity": "sha1-zCAOqyYT9BZtJ/+a/HylbUnfbrQ=",
			"dev": true
		}
	}
}
