{
	"name": "purgecss-from-pug",
	"version": "4.0.3",
	"lockfileVersion": 2,
	"requires": true,
	"packages": {
		"": {
			"version": "4.0.3",
			"license": "ISC",
			"devDependencies": {
				"pug-lexer": "^5.0.0",
				"pug-parser": "^6.0.0"
			}
		},
		"node_modules/acorn": {
			"version": "7.4.1",
			"resolved": "https://registry.npmjs.org/acorn/-/acorn-7.4.1.tgz",
			"integrity": "sha512-nQyp0o1/mNdbTO1PO6kHkwSrmgZ0MT/jCCpNiwbUjGoRN4dlBhqJtoQuCnEOKzgTVwg0ZWiCoQy6SxMebQVh8A==",
			"dev": true,
			"bin": {
				"acorn": "bin/acorn"
			},
			"engines": {
				"node": ">=0.4.0"
			}
		},
		"node_modules/call-bind": {
			"version": "1.0.2",
			"resolved": "https://registry.npmjs.org/call-bind/-/call-bind-1.0.2.tgz",
			"integrity": "sha512-7O+FbCihrB5WGbFYesctwmTKae6rOiIzmz1icreWJ+0aA7LJfuqhEso2T9ncpcFtzMQtzXf2QGGueWJGTYsqrA==",
			"dev": true,
			"dependencies": {
				"function-bind": "^1.1.1",
				"get-intrinsic": "^1.0.2"
			}
		},
		"node_modules/character-parser": {
			"version": "2.2.0",
			"resolved": "https://registry.npmjs.org/character-parser/-/character-parser-2.2.0.tgz",
			"integrity": "sha1-x84o821LzZdE5f/CxfzeHHMmH8A=",
			"dev": true,
			"dependencies": {
				"is-regex": "^1.0.3"
			}
		},
		"node_modules/function-bind": {
			"version": "1.1.1",
			"resolved": "https://registry.npmjs.org/function-bind/-/function-bind-1.1.1.tgz",
			"integrity": "sha512-yIovAzMX49sF8Yl58fSCWJ5svSLuaibPxXQJFLmBObTuCr0Mf1KiPopGM9NiFjiYBCbfaa2Fh6breQ6ANVTI0A==",
			"dev": true
		},
		"node_modules/get-intrinsic": {
			"version": "1.1.1",
			"resolved": "https://registry.npmjs.org/get-intrinsic/-/get-intrinsic-1.1.1.tgz",
			"integrity": "sha512-kWZrnVM42QCiEA2Ig1bG8zjoIMOgxWwYCEeNdwY6Tv/cOSeGpcoX4pXHfKUxNKVoArnrEr2e9srnAxxGIraS9Q==",
			"dev": true,
			"dependencies": {
				"function-bind": "^1.1.1",
				"has": "^1.0.3",
				"has-symbols": "^1.0.1"
			}
		},
		"node_modules/has": {
			"version": "1.0.3",
			"resolved": "https://registry.npmjs.org/has/-/has-1.0.3.tgz",
			"integrity": "sha512-f2dvO0VU6Oej7RkWJGrehjbzMAjFp5/VKPp5tTpWIV4JHHZK1/BxbFRtf/siA2SWTe09caDmVtYYzWEIbBS4zw==",
			"dev": true,
			"dependencies": {
				"function-bind": "^1.1.1"
			},
			"engines": {
				"node": ">= 0.4.0"
			}
		},
		"node_modules/has-symbols": {
			"version": "1.0.2",
			"resolved": "https://registry.npmjs.org/has-symbols/-/has-symbols-1.0.2.tgz",
			"integrity": "sha512-chXa79rL/UC2KlX17jo3vRGz0azaWEx5tGqZg5pO3NUyEJVB17dMruQlzCCOfUvElghKcm5194+BCRvi2Rv/Gw==",
			"dev": true,
			"engines": {
				"node": ">= 0.4"
			}
		},
		"node_modules/is-expression": {
			"version": "4.0.0",
			"resolved": "https://registry.npmjs.org/is-expression/-/is-expression-4.0.0.tgz",
			"integrity": "sha512-zMIXX63sxzG3XrkHkrAPvm/OVZVSCPNkwMHU8oTX7/U3AL78I0QXCEICXUM13BIa8TYGZ68PiTKfQz3yaTNr4A==",
			"dev": true,
			"dependencies": {
				"acorn": "^7.1.1",
				"object-assign": "^4.1.1"
			}
		},
		"node_modules/is-regex": {
			"version": "1.1.3",
			"resolved": "https://registry.npmjs.org/is-regex/-/is-regex-1.1.3.tgz",
			"integrity": "sha512-qSVXFz28HM7y+IWX6vLCsexdlvzT1PJNFSBuaQLQ5o0IEw8UDYW6/2+eCMVyIsbM8CNLX2a/QWmSpyxYEHY7CQ==",
			"dev": true,
			"dependencies": {
				"call-bind": "^1.0.2",
				"has-symbols": "^1.0.2"
			},
			"engines": {
				"node": ">= 0.4"
			}
		},
		"node_modules/object-assign": {
			"version": "4.1.1",
			"resolved": "https://registry.npmjs.org/object-assign/-/object-assign-4.1.1.tgz",
			"integrity": "sha1-IQmtx5ZYh8/AXLvUQsrIv7s2CGM=",
			"dev": true,
			"engines": {
				"node": ">=0.10.0"
			}
		},
		"node_modules/pug-error": {
			"version": "2.0.0",
			"resolved": "https://registry.npmjs.org/pug-error/-/pug-error-2.0.0.tgz",
			"integrity": "sha512-sjiUsi9M4RAGHktC1drQfCr5C5eriu24Lfbt4s+7SykztEOwVZtbFk1RRq0tzLxcMxMYTBR+zMQaG07J/btayQ==",
			"dev": true
		},
		"node_modules/pug-lexer": {
			"version": "5.0.1",
			"resolved": "https://registry.npmjs.org/pug-lexer/-/pug-lexer-5.0.1.tgz",
			"integrity": "sha512-0I6C62+keXlZPZkOJeVam9aBLVP2EnbeDw3An+k0/QlqdwH6rv8284nko14Na7c0TtqtogfWXcRoFE4O4Ff20w==",
			"dev": true,
			"dependencies": {
				"character-parser": "^2.2.0",
				"is-expression": "^4.0.0",
				"pug-error": "^2.0.0"
			}
		},
		"node_modules/pug-parser": {
			"version": "6.0.0",
			"resolved": "https://registry.npmjs.org/pug-parser/-/pug-parser-6.0.0.tgz",
			"integrity": "sha512-ukiYM/9cH6Cml+AOl5kETtM9NR3WulyVP2y4HOU45DyMim1IeP/OOiyEWRr6qk5I5klpsBnbuHpwKmTx6WURnw==",
			"dev": true,
			"dependencies": {
				"pug-error": "^2.0.0",
				"token-stream": "1.0.0"
			}
		},
		"node_modules/token-stream": {
			"version": "1.0.0",
			"resolved": "https://registry.npmjs.org/token-stream/-/token-stream-1.0.0.tgz",
			"integrity": "sha1-zCAOqyYT9BZtJ/+a/HylbUnfbrQ=",
			"dev": true
		}
	},
	"dependencies": {
		"acorn": {
			"version": "7.4.1",
			"resolved": "https://registry.npmjs.org/acorn/-/acorn-7.4.1.tgz",
			"integrity": "sha512-nQyp0o1/mNdbTO1PO6kHkwSrmgZ0MT/jCCpNiwbUjGoRN4dlBhqJtoQuCnEOKzgTVwg0ZWiCoQy6SxMebQVh8A==",
			"dev": true
		},
		"call-bind": {
			"version": "1.0.2",
			"resolved": "https://registry.npmjs.org/call-bind/-/call-bind-1.0.2.tgz",
			"integrity": "sha512-7O+FbCihrB5WGbFYesctwmTKae6rOiIzmz1icreWJ+0aA7LJfuqhEso2T9ncpcFtzMQtzXf2QGGueWJGTYsqrA==",
			"dev": true,
			"requires": {
				"function-bind": "^1.1.1",
				"get-intrinsic": "^1.0.2"
			}
		},
		"character-parser": {
			"version": "2.2.0",
			"resolved": "https://registry.npmjs.org/character-parser/-/character-parser-2.2.0.tgz",
			"integrity": "sha1-x84o821LzZdE5f/CxfzeHHMmH8A=",
			"dev": true,
			"requires": {
				"is-regex": "^1.0.3"
			}
		},
		"function-bind": {
			"version": "1.1.1",
			"resolved": "https://registry.npmjs.org/function-bind/-/function-bind-1.1.1.tgz",
			"integrity": "sha512-yIovAzMX49sF8Yl58fSCWJ5svSLuaibPxXQJFLmBObTuCr0Mf1KiPopGM9NiFjiYBCbfaa2Fh6breQ6ANVTI0A==",
			"dev": true
		},
		"get-intrinsic": {
			"version": "1.1.1",
			"resolved": "https://registry.npmjs.org/get-intrinsic/-/get-intrinsic-1.1.1.tgz",
			"integrity": "sha512-kWZrnVM42QCiEA2Ig1bG8zjoIMOgxWwYCEeNdwY6Tv/cOSeGpcoX4pXHfKUxNKVoArnrEr2e9srnAxxGIraS9Q==",
			"dev": true,
			"requires": {
				"function-bind": "^1.1.1",
				"has": "^1.0.3",
				"has-symbols": "^1.0.1"
			}
		},
		"has": {
			"version": "1.0.3",
			"resolved": "https://registry.npmjs.org/has/-/has-1.0.3.tgz",
			"integrity": "sha512-f2dvO0VU6Oej7RkWJGrehjbzMAjFp5/VKPp5tTpWIV4JHHZK1/BxbFRtf/siA2SWTe09caDmVtYYzWEIbBS4zw==",
			"dev": true,
			"requires": {
				"function-bind": "^1.1.1"
			}
		},
		"has-symbols": {
			"version": "1.0.2",
			"resolved": "https://registry.npmjs.org/has-symbols/-/has-symbols-1.0.2.tgz",
			"integrity": "sha512-chXa79rL/UC2KlX17jo3vRGz0azaWEx5tGqZg5pO3NUyEJVB17dMruQlzCCOfUvElghKcm5194+BCRvi2Rv/Gw==",
			"dev": true
		},
		"is-expression": {
			"version": "4.0.0",
			"resolved": "https://registry.npmjs.org/is-expression/-/is-expression-4.0.0.tgz",
			"integrity": "sha512-zMIXX63sxzG3XrkHkrAPvm/OVZVSCPNkwMHU8oTX7/U3AL78I0QXCEICXUM13BIa8TYGZ68PiTKfQz3yaTNr4A==",
			"dev": true,
			"requires": {
				"acorn": "^7.1.1",
				"object-assign": "^4.1.1"
			}
		},
		"is-regex": {
			"version": "1.1.3",
			"resolved": "https://registry.npmjs.org/is-regex/-/is-regex-1.1.3.tgz",
			"integrity": "sha512-qSVXFz28HM7y+IWX6vLCsexdlvzT1PJNFSBuaQLQ5o0IEw8UDYW6/2+eCMVyIsbM8CNLX2a/QWmSpyxYEHY7CQ==",
			"dev": true,
			"requires": {
				"call-bind": "^1.0.2",
				"has-symbols": "^1.0.2"
			}
		},
		"object-assign": {
			"version": "4.1.1",
			"resolved": "https://registry.npmjs.org/object-assign/-/object-assign-4.1.1.tgz",
			"integrity": "sha1-IQmtx5ZYh8/AXLvUQsrIv7s2CGM=",
			"dev": true
		},
		"pug-error": {
			"version": "2.0.0",
			"resolved": "https://registry.npmjs.org/pug-error/-/pug-error-2.0.0.tgz",
			"integrity": "sha512-sjiUsi9M4RAGHktC1drQfCr5C5eriu24Lfbt4s+7SykztEOwVZtbFk1RRq0tzLxcMxMYTBR+zMQaG07J/btayQ==",
			"dev": true
		},
		"pug-lexer": {
			"version": "5.0.1",
			"resolved": "https://registry.npmjs.org/pug-lexer/-/pug-lexer-5.0.1.tgz",
			"integrity": "sha512-0I6C62+keXlZPZkOJeVam9aBLVP2EnbeDw3An+k0/QlqdwH6rv8284nko14Na7c0TtqtogfWXcRoFE4O4Ff20w==",
			"dev": true,
			"requires": {
				"character-parser": "^2.2.0",
				"is-expression": "^4.0.0",
				"pug-error": "^2.0.0"
			}
		},
		"pug-parser": {
			"version": "6.0.0",
			"resolved": "https://registry.npmjs.org/pug-parser/-/pug-parser-6.0.0.tgz",
			"integrity": "sha512-ukiYM/9cH6Cml+AOl5kETtM9NR3WulyVP2y4HOU45DyMim1IeP/OOiyEWRr6qk5I5klpsBnbuHpwKmTx6WURnw==",
			"dev": true,
			"requires": {
				"pug-error": "^2.0.0",
				"token-stream": "1.0.0"
			}
		},
		"token-stream": {
			"version": "1.0.0",
			"resolved": "https://registry.npmjs.org/token-stream/-/token-stream-1.0.0.tgz",
			"integrity": "sha1-zCAOqyYT9BZtJ/+a/HylbUnfbrQ=",
			"dev": true
		}
	}
}
