{
	"name": "@fullhuman/purgecss-from-tsx",
	"version": "4.1.0",
	"lockfileVersion": 2,
	"requires": true,
	"packages": {
		"": {
			"name": "@fullhuman/purgecss-from-tsx",
			"version": "4.1.0",
			"license": "ISC",
			"dependencies": {
				"@fullhuman/purgecss-from-jsx": "^4.1.0",
				"acorn": "^7.4.0",
				"typescript": "^4.3.2"
			}
		},
		"node_modules/@fullhuman/purgecss-from-jsx": {
			"version": "4.1.0",
			"resolved": "https://registry.npmjs.org/@fullhuman/purgecss-from-jsx/-/purgecss-from-jsx-4.1.0.tgz",
			"integrity": "sha512-5zkwM0D23P6HKUylDw1g1MpJxxfZVKER5i7/WxvkwcgJsBAQB6vLr0rlc4gw0sjtr5lrOll/1kTn1Usxy2c2gw==",
			"dependencies": {
				"acorn": "^7.4.0",
				"acorn-jsx": "^5.3.1",
				"acorn-jsx-walk": "^2.0.0",
				"acorn-walk": "^8.1.1"
			}
		},
		"node_modules/acorn": {
			"version": "7.4.1",
			"resolved": "https://registry.npmjs.org/acorn/-/acorn-7.4.1.tgz",
			"integrity": "sha512-nQyp0o1/mNdbTO1PO6kHkwSrmgZ0MT/jCCpNiwbUjGoRN4dlBhqJtoQuCnEOKzgTVwg0ZWiCoQy6SxMebQVh8A==",
			"bin": {
				"acorn": "bin/acorn"
			},
			"engines": {
				"node": ">=0.4.0"
			}
		},
		"node_modules/acorn-jsx": {
			"version": "5.3.2",
			"resolved": "https://registry.npmjs.org/acorn-jsx/-/acorn-jsx-5.3.2.tgz",
			"integrity": "sha512-rq9s+JNhf0IChjtDXxllJ7g41oZk5SlXtp0LHwyA5cejwn7vKmKp4pPri6YEePv2PU65sAsegbXtIinmDFDXgQ==",
			"peerDependencies": {
				"acorn": "^6.0.0 || ^7.0.0 || ^8.0.0"
			}
		},
		"node_modules/acorn-jsx-walk": {
			"version": "2.0.0",
			"resolved": "https://registry.npmjs.org/acorn-jsx-walk/-/acorn-jsx-walk-2.0.0.tgz",
			"integrity": "sha512-uuo6iJj4D4ygkdzd6jPtcxs8vZgDX9YFIkqczGImoypX2fQ4dVImmu3UzA4ynixCIMTrEOWW+95M2HuBaCEOVA=="
		},
		"node_modules/acorn-walk": {
			"version": "8.2.0",
			"resolved": "https://registry.npmjs.org/acorn-walk/-/acorn-walk-8.2.0.tgz",
			"integrity": "sha512-k+iyHEuPgSw6SbuDpGQM+06HQUa04DZ3o+F6CSzXMvvI5KMvnaEqXe+YVe555R9nn6GPt404fos4wcgpw12SDA==",
			"engines": {
				"node": ">=0.4.0"
			}
		},
		"node_modules/typescript": {
			"version": "4.5.4",
			"resolved": "https://registry.npmjs.org/typescript/-/typescript-4.5.4.tgz",
			"integrity": "sha512-VgYs2A2QIRuGphtzFV7aQJduJ2gyfTljngLzjpfW9FoYZF6xuw1W0vW9ghCKLfcWrCFxK81CSGRAvS1pn4fIUg==",
			"bin": {
				"tsc": "bin/tsc",
				"tsserver": "bin/tsserver"
			},
			"engines": {
				"node": ">=4.2.0"
			}
		}
	},
	"dependencies": {
		"@fullhuman/purgecss-from-jsx": {
			"version": "4.1.0",
			"resolved": "https://registry.npmjs.org/@fullhuman/purgecss-from-jsx/-/purgecss-from-jsx-4.1.0.tgz",
			"integrity": "sha512-5zkwM0D23P6HKUylDw1g1MpJxxfZVKER5i7/WxvkwcgJsBAQB6vLr0rlc4gw0sjtr5lrOll/1kTn1Usxy2c2gw==",
			"requires": {
				"acorn": "^7.4.0",
				"acorn-jsx": "^5.3.1",
				"acorn-jsx-walk": "^2.0.0",
				"acorn-walk": "^8.1.1"
			}
		},
		"acorn": {
			"version": "7.4.1",
			"resolved": "https://registry.npmjs.org/acorn/-/acorn-7.4.1.tgz",
			"integrity": "sha512-nQyp0o1/mNdbTO1PO6kHkwSrmgZ0MT/jCCpNiwbUjGoRN4dlBhqJtoQuCnEOKzgTVwg0ZWiCoQy6SxMebQVh8A=="
		},
		"acorn-jsx": {
			"version": "5.3.2",
			"resolved": "https://registry.npmjs.org/acorn-jsx/-/acorn-jsx-5.3.2.tgz",
			"integrity": "sha512-rq9s+JNhf0IChjtDXxllJ7g41oZk5SlXtp0LHwyA5cejwn7vKmKp4pPri6YEePv2PU65sAsegbXtIinmDFDXgQ==",
			"requires": {}
		},
		"acorn-jsx-walk": {
			"version": "2.0.0",
			"resolved": "https://registry.npmjs.org/acorn-jsx-walk/-/acorn-jsx-walk-2.0.0.tgz",
			"integrity": "sha512-uuo6iJj4D4ygkdzd6jPtcxs8vZgDX9YFIkqczGImoypX2fQ4dVImmu3UzA4ynixCIMTrEOWW+95M2HuBaCEOVA=="
		},
		"acorn-walk": {
			"version": "8.2.0",
			"resolved": "https://registry.npmjs.org/acorn-walk/-/acorn-walk-8.2.0.tgz",
			"integrity": "sha512-k+iyHEuPgSw6SbuDpGQM+06HQUa04DZ3o+F6CSzXMvvI5KMvnaEqXe+YVe555R9nn6GPt404fos4wcgpw12SDA=="
		},
		"typescript": {
			"version": "4.5.4",
			"resolved": "https://registry.npmjs.org/typescript/-/typescript-4.5.4.tgz",
			"integrity": "sha512-VgYs2A2QIRuGphtzFV7aQJduJ2gyfTljngLzjpfW9FoYZF6xuw1W0vW9ghCKLfcWrCFxK81CSGRAvS1pn4fIUg=="
		}
	}
}
