{
	"name": "@fullhuman/postcss-purgecss",
	"version": "4.0.0",
	"lockfileVersion": 1,
	"requires": true,
	"dependencies": {
		"colorette": {
			"version": "1.2.1",
			"resolved": "https://registry.npmjs.org/colorette/-/colorette-1.2.1.tgz",
			"integrity": "sha512-puCDz0CzydiSYOrnXpz/PKd69zRrribezjtE9yd4zvytoRc8+RY/KJPvtPFKZS3E3wP6neGyMe0vOTlHO5L3Pw==",
			"dev": true
		},
		"nanoid": {
			"version": "3.1.20",
			"resolved": "https://registry.npmjs.org/nanoid/-/nanoid-3.1.20.tgz",
			"integrity": "sha512-a1cQNyczgKbLX9jwbS/+d7W8fX/RfgYR7lVWwWOGIPNgK2m0MWvrGF6/m4kk6U3QcFMnZf3RIhL0v2Jgh/0Uxw==",
			"dev": true
		},
		"postcss": {
			"version": "8.2.1",
			"resolved": "https://registry.npmjs.org/postcss/-/postcss-8.2.1.tgz",
			"integrity": "sha512-RhsqOOAQzTgh1UB/IZdca7F9WDb7SUCR2Vnv1x7DbvuuggQIpoDwjK+q0rzoPffhYvWNKX5JSwS4so4K3UC6vA==",
			"dev": true,
			"requires": {
				"colorette": "^1.2.1",
				"nanoid": "^3.1.20",
				"source-map": "^0.6.1"
			}
		},
		"source-map": {
			"version": "0.6.1",
			"resolved": "https://registry.npmjs.org/source-map/-/source-map-0.6.1.tgz",
			"integrity": "sha512-UjgapumWlbMhkBgzT7Ykc5YXUT46F0iKu8SGXq0bcwP5dz/h0Plj6enJqjz1Zbq2l5WaqYnrVbwWOWMyF3F47g==",
			"dev": true
		}
	}
}
