{
	"name": "@fullhuman/purgecss-from-jsx",
	"version": "4.1.0",
	"lockfileVersion": 2,
	"requires": true,
	"packages": {
		"": {
			"name": "@fullhuman/purgecss-from-jsx",
			"version": "4.1.0",
			"license": "MIT",
			"dependencies": {
				"acorn": "^8.6.0",
				"acorn-jsx": "^5.3.1",
				"acorn-jsx-walk": "^2.0.0",
				"acorn-walk": "^8.1.1"
			}
		},
		"node_modules/acorn": {
			"version": "8.6.0",
			"resolved": "https://registry.npmjs.org/acorn/-/acorn-8.6.0.tgz",
			"integrity": "sha512-U1riIR+lBSNi3IbxtaHOIKdH8sLFv3NYfNv8sg7ZsNhcfl4HF2++BfqqrNAxoCLQW1iiylOj76ecnaUxz+z9yw==",
			"bin": {
				"acorn": "bin/acorn"
			},
			"engines": {
				"node": ">=0.4.0"
			}
		},
		"node_modules/acorn-jsx": {
			"version": "5.3.2",
			"resolved": "https://registry.npmjs.org/acorn-jsx/-/acorn-jsx-5.3.2.tgz",
			"integrity": "sha512-rq9s+JNhf0IChjtDXxllJ7g41oZk5SlXtp0LHwyA5cejwn7vKmKp4pPri6YEePv2PU65sAsegbXtIinmDFDXgQ==",
			"peerDependencies": {
				"acorn": "^6.0.0 || ^7.0.0 || ^8.0.0"
			}
		},
		"node_modules/acorn-jsx-walk": {
			"version": "2.0.0",
			"resolved": "https://registry.npmjs.org/acorn-jsx-walk/-/acorn-jsx-walk-2.0.0.tgz",
			"integrity": "sha512-uuo6iJj4D4ygkdzd6jPtcxs8vZgDX9YFIkqczGImoypX2fQ4dVImmu3UzA4ynixCIMTrEOWW+95M2HuBaCEOVA=="
		},
		"node_modules/acorn-walk": {
			"version": "8.1.1",
			"resolved": "https://registry.npmjs.org/acorn-walk/-/acorn-walk-8.1.1.tgz",
			"integrity": "sha512-FbJdceMlPHEAWJOILDk1fXD8lnTlEIWFkqtfk+MvmL5q/qlHfN7GEHcsFZWt/Tea9jRNPWUZG4G976nqAAmU9w==",
			"engines": {
				"node": ">=0.4.0"
			}
		}
	},
	"dependencies": {
		"acorn": {
			"version": "8.6.0",
			"resolved": "https://registry.npmjs.org/acorn/-/acorn-8.6.0.tgz",
			"integrity": "sha512-U1riIR+lBSNi3IbxtaHOIKdH8sLFv3NYfNv8sg7ZsNhcfl4HF2++BfqqrNAxoCLQW1iiylOj76ecnaUxz+z9yw=="
		},
		"acorn-jsx": {
			"version": "5.3.2",
			"resolved": "https://registry.npmjs.org/acorn-jsx/-/acorn-jsx-5.3.2.tgz",
			"integrity": "sha512-rq9s+JNhf0IChjtDXxllJ7g41oZk5SlXtp0LHwyA5cejwn7vKmKp4pPri6YEePv2PU65sAsegbXtIinmDFDXgQ==",
			"requires": {}
		},
		"acorn-jsx-walk": {
			"version": "2.0.0",
			"resolved": "https://registry.npmjs.org/acorn-jsx-walk/-/acorn-jsx-walk-2.0.0.tgz",
			"integrity": "sha512-uuo6iJj4D4ygkdzd6jPtcxs8vZgDX9YFIkqczGImoypX2fQ4dVImmu3UzA4ynixCIMTrEOWW+95M2HuBaCEOVA=="
		},
		"acorn-walk": {
			"version": "8.1.1",
			"resolved": "https://registry.npmjs.org/acorn-walk/-/acorn-walk-8.1.1.tgz",
			"integrity": "sha512-FbJdceMlPHEAWJOILDk1fXD8lnTlEIWFkqtfk+MvmL5q/qlHfN7GEHcsFZWt/Tea9jRNPWUZG4G976nqAAmU9w=="
		}
	}
}
