{
	"name": "purgecss-webpack-plugin",
	"version": "4.0.3",
	"lockfileVersion": 1,
	"requires": true,
	"dependencies": {
		"@types/eslint": {
			"version": "7.2.12",
			"resolved": "https://registry.npmjs.org/@types/eslint/-/eslint-7.2.12.tgz",
			"integrity": "sha512-HjikV/jX6e0Pg4DcB+rtOBKSrG6w5IaxWpmi3efL/eLxMz5lZTK+W1DKERrX5a+mNzL78axfsDNXu7JHFP4uLg==",
			"requires": {
				"@types/estree": "*",
				"@types/json-schema": "*"
			}
		},
		"@types/eslint-scope": {
			"version": "3.7.0",
			"resolved": "https://registry.npmjs.org/@types/eslint-scope/-/eslint-scope-3.7.0.tgz",
			"integrity": "sha512-O/ql2+rrCUe2W2rs7wMR+GqPRcgB6UiqN5RhrR5xruFlY7l9YLMn0ZkDzjoHLeiFkR8MCQZVudUuuvQ2BLC9Qw==",
			"requires": {
				"@types/eslint": "*",
				"@types/estree": "*"
			}
		},
		"@types/estree": {
			"version": "0.0.47",
			"resolved": "https://registry.npmjs.org/@types/estree/-/estree-0.0.47.tgz",
			"integrity": "sha512-c5ciR06jK8u9BstrmJyO97m+klJrrhCf9u3rLu3DEAJBirxRqSCvDQoYKmxuYwQI5SZChAWu+tq9oVlGRuzPAg=="
		},
		"@types/json-schema": {
			"version": "7.0.6",
			"resolved": "https://registry.npmjs.org/@types/json-schema/-/json-schema-7.0.6.tgz",
			"integrity": "sha512-3c+yGKvVP5Y9TYBEibGNR+kLtijnj7mYrXRg+WpFb2X9xm04g/DXYkfg4hmzJQosc9snFNUPkbYIhu+KAm6jJw=="
		},
		"@types/node": {
			"version": "14.14.13",
			"resolved": "https://registry.npmjs.org/@types/node/-/node-14.14.13.tgz",
			"integrity": "sha512-vbxr0VZ8exFMMAjCW8rJwaya0dMCDyYW2ZRdTyjtrCvJoENMpdUHOT/eTzvgyA5ZnqRZ/sI0NwqAxNHKYokLJQ=="
		},
		"@types/source-list-map": {
			"version": "0.1.2",
			"resolved": "https://registry.npmjs.org/@types/source-list-map/-/source-list-map-0.1.2.tgz",
			"integrity": "sha512-K5K+yml8LTo9bWJI/rECfIPrGgxdpeNbj+d53lwN4QjW1MCwlkhUms+gtdzigTeUyBr09+u8BwOIY3MXvHdcsA==",
			"dev": true
		},
		"@types/webpack-sources": {
			"version": "2.1.0",
			"resolved": "https://registry.npmjs.org/@types/webpack-sources/-/webpack-sources-2.1.0.tgz",
			"integrity": "sha512-LXn/oYIpBeucgP1EIJbKQ2/4ZmpvRl+dlrFdX7+94SKRUV3Evy3FsfMZY318vGhkWUS5MPhtOM3w1/hCOAOXcg==",
			"dev": true,
			"requires": {
				"@types/node": "*",
				"@types/source-list-map": "*",
				"source-map": "^0.7.3"
			},
			"dependencies": {
				"source-map": {
					"version": "0.7.3",
					"resolved": "https://registry.npmjs.org/source-map/-/source-map-0.7.3.tgz",
					"integrity": "sha512-CkCj6giN3S+n9qrYiBTX5gystlENnRW5jZeNLHpe6aue+SrHcG5VYwujhW9s4dY31mEGsxBDrHR6oI69fTXsaQ==",
					"dev": true
				}
			}
		},
		"@webassemblyjs/ast": {
			"version": "1.11.0",
			"resolved": "https://registry.npmjs.org/@webassemblyjs/ast/-/ast-1.11.0.tgz",
			"integrity": "sha512-kX2W49LWsbthrmIRMbQZuQDhGtjyqXfEmmHyEi4XWnSZtPmxY0+3anPIzsnRb45VH/J55zlOfWvZuY47aJZTJg==",
			"requires": {
				"@webassemblyjs/helper-numbers": "1.11.0",
				"@webassemblyjs/helper-wasm-bytecode": "1.11.0"
			}
		},
		"@webassemblyjs/floating-point-hex-parser": {
			"version": "1.11.0",
			"resolved": "https://registry.npmjs.org/@webassemblyjs/floating-point-hex-parser/-/floating-point-hex-parser-1.11.0.tgz",
			"integrity": "sha512-Q/aVYs/VnPDVYvsCBL/gSgwmfjeCb4LW8+TMrO3cSzJImgv8lxxEPM2JA5jMrivE7LSz3V+PFqtMbls3m1exDA=="
		},
		"@webassemblyjs/helper-api-error": {
			"version": "1.11.0",
			"resolved": "https://registry.npmjs.org/@webassemblyjs/helper-api-error/-/helper-api-error-1.11.0.tgz",
			"integrity": "sha512-baT/va95eXiXb2QflSx95QGT5ClzWpGaa8L7JnJbgzoYeaA27FCvuBXU758l+KXWRndEmUXjP0Q5fibhavIn8w=="
		},
		"@webassemblyjs/helper-buffer": {
			"version": "1.11.0",
			"resolved": "https://registry.npmjs.org/@webassemblyjs/helper-buffer/-/helper-buffer-1.11.0.tgz",
			"integrity": "sha512-u9HPBEl4DS+vA8qLQdEQ6N/eJQ7gT7aNvMIo8AAWvAl/xMrcOSiI2M0MAnMCy3jIFke7bEee/JwdX1nUpCtdyA=="
		},
		"@webassemblyjs/helper-numbers": {
			"version": "1.11.0",
			"resolved": "https://registry.npmjs.org/@webassemblyjs/helper-numbers/-/helper-numbers-1.11.0.tgz",
			"integrity": "sha512-DhRQKelIj01s5IgdsOJMKLppI+4zpmcMQ3XboFPLwCpSNH6Hqo1ritgHgD0nqHeSYqofA6aBN/NmXuGjM1jEfQ==",
			"requires": {
				"@webassemblyjs/floating-point-hex-parser": "1.11.0",
				"@webassemblyjs/helper-api-error": "1.11.0",
				"@xtuc/long": "4.2.2"
			}
		},
		"@webassemblyjs/helper-wasm-bytecode": {
			"version": "1.11.0",
			"resolved": "https://registry.npmjs.org/@webassemblyjs/helper-wasm-bytecode/-/helper-wasm-bytecode-1.11.0.tgz",
			"integrity": "sha512-MbmhvxXExm542tWREgSFnOVo07fDpsBJg3sIl6fSp9xuu75eGz5lz31q7wTLffwL3Za7XNRCMZy210+tnsUSEA=="
		},
		"@webassemblyjs/helper-wasm-section": {
			"version": "1.11.0",
			"resolved": "https://registry.npmjs.org/@webassemblyjs/helper-wasm-section/-/helper-wasm-section-1.11.0.tgz",
			"integrity": "sha512-3Eb88hcbfY/FCukrg6i3EH8H2UsD7x8Vy47iVJrP967A9JGqgBVL9aH71SETPx1JrGsOUVLo0c7vMCN22ytJew==",
			"requires": {
				"@webassemblyjs/ast": "1.11.0",
				"@webassemblyjs/helper-buffer": "1.11.0",
				"@webassemblyjs/helper-wasm-bytecode": "1.11.0",
				"@webassemblyjs/wasm-gen": "1.11.0"
			}
		},
		"@webassemblyjs/ieee754": {
			"version": "1.11.0",
			"resolved": "https://registry.npmjs.org/@webassemblyjs/ieee754/-/ieee754-1.11.0.tgz",
			"integrity": "sha512-KXzOqpcYQwAfeQ6WbF6HXo+0udBNmw0iXDmEK5sFlmQdmND+tr773Ti8/5T/M6Tl/413ArSJErATd8In3B+WBA==",
			"requires": {
				"@xtuc/ieee754": "^1.2.0"
			}
		},
		"@webassemblyjs/leb128": {
			"version": "1.11.0",
			"resolved": "https://registry.npmjs.org/@webassemblyjs/leb128/-/leb128-1.11.0.tgz",
			"integrity": "sha512-aqbsHa1mSQAbeeNcl38un6qVY++hh8OpCOzxhixSYgbRfNWcxJNJQwe2rezK9XEcssJbbWIkblaJRwGMS9zp+g==",
			"requires": {
				"@xtuc/long": "4.2.2"
			}
		},
		"@webassemblyjs/utf8": {
			"version": "1.11.0",
			"resolved": "https://registry.npmjs.org/@webassemblyjs/utf8/-/utf8-1.11.0.tgz",
			"integrity": "sha512-A/lclGxH6SpSLSyFowMzO/+aDEPU4hvEiooCMXQPcQFPPJaYcPQNKGOCLUySJsYJ4trbpr+Fs08n4jelkVTGVw=="
		},
		"@webassemblyjs/wasm-edit": {
			"version": "1.11.0",
			"resolved": "https://registry.npmjs.org/@webassemblyjs/wasm-edit/-/wasm-edit-1.11.0.tgz",
			"integrity": "sha512-JHQ0damXy0G6J9ucyKVXO2j08JVJ2ntkdJlq1UTiUrIgfGMmA7Ik5VdC/L8hBK46kVJgujkBIoMtT8yVr+yVOQ==",
			"requires": {
				"@webassemblyjs/ast": "1.11.0",
				"@webassemblyjs/helper-buffer": "1.11.0",
				"@webassemblyjs/helper-wasm-bytecode": "1.11.0",
				"@webassemblyjs/helper-wasm-section": "1.11.0",
				"@webassemblyjs/wasm-gen": "1.11.0",
				"@webassemblyjs/wasm-opt": "1.11.0",
				"@webassemblyjs/wasm-parser": "1.11.0",
				"@webassemblyjs/wast-printer": "1.11.0"
			}
		},
		"@webassemblyjs/wasm-gen": {
			"version": "1.11.0",
			"resolved": "https://registry.npmjs.org/@webassemblyjs/wasm-gen/-/wasm-gen-1.11.0.tgz",
			"integrity": "sha512-BEUv1aj0WptCZ9kIS30th5ILASUnAPEvE3tVMTrItnZRT9tXCLW2LEXT8ezLw59rqPP9klh9LPmpU+WmRQmCPQ==",
			"requires": {
				"@webassemblyjs/ast": "1.11.0",
				"@webassemblyjs/helper-wasm-bytecode": "1.11.0",
				"@webassemblyjs/ieee754": "1.11.0",
				"@webassemblyjs/leb128": "1.11.0",
				"@webassemblyjs/utf8": "1.11.0"
			}
		},
		"@webassemblyjs/wasm-opt": {
			"version": "1.11.0",
			"resolved": "https://registry.npmjs.org/@webassemblyjs/wasm-opt/-/wasm-opt-1.11.0.tgz",
			"integrity": "sha512-tHUSP5F4ywyh3hZ0+fDQuWxKx3mJiPeFufg+9gwTpYp324mPCQgnuVKwzLTZVqj0duRDovnPaZqDwoyhIO8kYg==",
			"requires": {
				"@webassemblyjs/ast": "1.11.0",
				"@webassemblyjs/helper-buffer": "1.11.0",
				"@webassemblyjs/wasm-gen": "1.11.0",
				"@webassemblyjs/wasm-parser": "1.11.0"
			}
		},
		"@webassemblyjs/wasm-parser": {
			"version": "1.11.0",
			"resolved": "https://registry.npmjs.org/@webassemblyjs/wasm-parser/-/wasm-parser-1.11.0.tgz",
			"integrity": "sha512-6L285Sgu9gphrcpDXINvm0M9BskznnzJTE7gYkjDbxET28shDqp27wpruyx3C2S/dvEwiigBwLA1cz7lNUi0kw==",
			"requires": {
				"@webassemblyjs/ast": "1.11.0",
				"@webassemblyjs/helper-api-error": "1.11.0",
				"@webassemblyjs/helper-wasm-bytecode": "1.11.0",
				"@webassemblyjs/ieee754": "1.11.0",
				"@webassemblyjs/leb128": "1.11.0",
				"@webassemblyjs/utf8": "1.11.0"
			}
		},
		"@webassemblyjs/wast-printer": {
			"version": "1.11.0",
			"resolved": "https://registry.npmjs.org/@webassemblyjs/wast-printer/-/wast-printer-1.11.0.tgz",
			"integrity": "sha512-Fg5OX46pRdTgB7rKIUojkh9vXaVN6sGYCnEiJN1GYkb0RPwShZXp6KTDqmoMdQPKhcroOXh3fEzmkWmCYaKYhQ==",
			"requires": {
				"@webassemblyjs/ast": "1.11.0",
				"@xtuc/long": "4.2.2"
			}
		},
		"@xtuc/ieee754": {
			"version": "1.2.0",
			"resolved": "https://registry.npmjs.org/@xtuc/ieee754/-/ieee754-1.2.0.tgz",
			"integrity": "sha512-DX8nKgqcGwsc0eJSqYt5lwP4DH5FlHnmuWWBRy7X0NcaGR0ZtuyeESgMwTYVEtxmsNGY+qit4QYT/MIYTOTPeA=="
		},
		"@xtuc/long": {
			"version": "4.2.2",
			"resolved": "https://registry.npmjs.org/@xtuc/long/-/long-4.2.2.tgz",
			"integrity": "sha512-NuHqBY1PB/D8xU6s/thBgOAiAP7HOYDQ32+BFZILJ8ivkUkAHQnWfn6WhL79Owj1qmUnoN/YPhktdIoucipkAQ=="
		},
		"acorn": {
			"version": "8.3.0",
			"resolved": "https://registry.npmjs.org/acorn/-/acorn-8.3.0.tgz",
			"integrity": "sha512-tqPKHZ5CaBJw0Xmy0ZZvLs1qTV+BNFSyvn77ASXkpBNfIRk8ev26fKrD9iLGwGA9zedPao52GSHzq8lyZG0NUw=="
		},
		"ajv": {
			"version": "6.12.6",
			"resolved": "https://registry.npmjs.org/ajv/-/ajv-6.12.6.tgz",
			"integrity": "sha512-j3fVLgvTo527anyYyJOGTYJbG+vnnQYvE0m5mmkc1TK+nxAppkCLMIL0aZ4dblVCNoGShhm+kzE4ZUykBoMg4g==",
			"requires": {
				"fast-deep-equal": "^3.1.1",
				"fast-json-stable-stringify": "^2.0.0",
				"json-schema-traverse": "^0.4.1",
				"uri-js": "^4.2.2"
			}
		},
		"ajv-keywords": {
			"version": "3.5.2",
			"resolved": "https://registry.npmjs.org/ajv-keywords/-/ajv-keywords-3.5.2.tgz",
			"integrity": "sha512-5p6WTN0DdTGVQk6VjcEju19IgaHudalcfabD7yhDGeA6bcQnmL+CpveLJq/3hvfwd1aof6L386Ougkx6RfyMIQ=="
		},
		"balanced-match": {
			"version": "1.0.2",
			"resolved": "https://registry.npmjs.org/balanced-match/-/balanced-match-1.0.2.tgz",
			"integrity": "sha512-3oSeUO0TMV67hN1AmbXsK4yaqU7tjiHlbxRDZOpH0KW9+CeX4bRAaX0Anxt0tx2MrpRpWwQaPwIlISEJhYU5Pw=="
		},
		"big.js": {
			"version": "5.2.2",
			"resolved": "https://registry.npmjs.org/big.js/-/big.js-5.2.2.tgz",
			"integrity": "sha512-vyL2OymJxmarO8gxMr0mhChsO9QGwhynfuu4+MHTAW6czfq9humCB7rKpUjDd9YUiDPU4mzpyupFSvOClAwbmQ==",
			"dev": true
		},
		"brace-expansion": {
			"version": "1.1.11",
			"resolved": "https://registry.npmjs.org/brace-expansion/-/brace-expansion-1.1.11.tgz",
			"integrity": "sha512-iCuPHDFgrHX7H2vEI/5xpz07zSHB00TpugqhmYtVmMO6518mCuRMoOYFldEBl0g187ufozdaHgWKcYFb61qGiA==",
			"requires": {
				"balanced-match": "^1.0.0",
				"concat-map": "0.0.1"
			}
		},
		"browserslist": {
			"version": "4.16.6",
			"resolved": "https://registry.npmjs.org/browserslist/-/browserslist-4.16.6.tgz",
			"integrity": "sha512-Wspk/PqO+4W9qp5iUTJsa1B/QrYn1keNCcEP5OvP7WBwT4KaDly0uONYmC6Xa3Z5IqnUgS0KcgLYu1l74x0ZXQ==",
			"requires": {
				"caniuse-lite": "^1.0.30001219",
				"colorette": "^1.2.2",
				"electron-to-chromium": "^1.3.723",
				"escalade": "^3.1.1",
				"node-releases": "^1.1.71"
			}
		},
		"buffer-from": {
			"version": "1.1.1",
			"resolved": "https://registry.npmjs.org/buffer-from/-/buffer-from-1.1.1.tgz",
			"integrity": "sha512-MQcXEUbCKtEo7bhqEs6560Hyd4XaovZlO/k9V3hjVUF/zwW7KBVdSK4gIt/bzwS9MbR5qob+F5jusZsb0YQK2A=="
		},
		"caniuse-lite": {
			"version": "1.0.30001232",
			"resolved": "https://registry.npmjs.org/caniuse-lite/-/caniuse-lite-1.0.30001232.tgz",
			"integrity": "sha512-e4Gyp7P8vqC2qV2iHA+cJNf/yqUKOShXQOJHQt81OHxlIZl/j/j3soEA0adAQi8CPUQgvOdDENyQ5kd6a6mNSg=="
		},
		"chrome-trace-event": {
			"version": "1.0.3",
			"resolved": "https://registry.npmjs.org/chrome-trace-event/-/chrome-trace-event-1.0.3.tgz",
			"integrity": "sha512-p3KULyQg4S7NIHixdwbGX+nFHkoBiA4YQmyWtjb8XngSKV124nJmRysgAeujbUVb15vh+RvFUfCPqU7rXk+hZg=="
		},
		"colorette": {
			"version": "1.2.2",
			"resolved": "https://registry.npmjs.org/colorette/-/colorette-1.2.2.tgz",
			"integrity": "sha512-MKGMzyfeuutC/ZJ1cba9NqcNpfeqMUcYmyF1ZFY6/Cn7CNSAKx6a+s48sqLqyAiZuaP2TcqMhoo+dlwFnVxT9w=="
		},
		"commander": {
			"version": "2.20.3",
			"resolved": "https://registry.npmjs.org/commander/-/commander-2.20.3.tgz",
			"integrity": "sha512-GpVkmM8vF2vQUkj2LvZmD35JxeJOLCwJ9cUkugyk2nuhbv3+mJvpLYYt+0+USMxE+oj+ey/lJEnhZw75x/OMcQ=="
		},
		"concat-map": {
			"version": "0.0.1",
			"resolved": "https://registry.npmjs.org/concat-map/-/concat-map-0.0.1.tgz",
			"integrity": "sha1-2Klr13/Wjfd5OnMDajug1UBdR3s="
		},
		"css-loader": {
			"version": "5.2.6",
			"resolved": "https://registry.npmjs.org/css-loader/-/css-loader-5.2.6.tgz",
			"integrity": "sha512-0wyN5vXMQZu6BvjbrPdUJvkCzGEO24HC7IS7nW4llc6BBFC+zwR9CKtYGv63Puzsg10L/o12inMY5/2ByzfD6w==",
			"dev": true,
			"requires": {
				"icss-utils": "^5.1.0",
				"loader-utils": "^2.0.0",
				"postcss": "^8.2.15",
				"postcss-modules-extract-imports": "^3.0.0",
				"postcss-modules-local-by-default": "^4.0.0",
				"postcss-modules-scope": "^3.0.0",
				"postcss-modules-values": "^4.0.0",
				"postcss-value-parser": "^4.1.0",
				"schema-utils": "^3.0.0",
				"semver": "^7.3.5"
			},
			"dependencies": {
				"nanoid": {
					"version": "3.1.23",
					"resolved": "https://registry.npmjs.org/nanoid/-/nanoid-3.1.23.tgz",
					"integrity": "sha512-FiB0kzdP0FFVGDKlRLEQ1BgDzU87dy5NnzjeW9YZNt+/c3+q82EQDUwniSAUxp/F0gFNI1ZhKU1FqYsMuqZVnw==",
					"dev": true
				},
				"postcss": {
					"version": "8.3.5",
					"resolved": "https://registry.npmjs.org/postcss/-/postcss-8.3.5.tgz",
					"integrity": "sha512-NxTuJocUhYGsMiMFHDUkmjSKT3EdH4/WbGF6GCi1NDGk+vbcUTun4fpbOqaPtD8IIsztA2ilZm2DhYCuyN58gA==",
					"dev": true,
					"requires": {
						"colorette": "^1.2.2",
						"nanoid": "^3.1.23",
						"source-map-js": "^0.6.2"
					}
				}
			}
		},
		"cssesc": {
			"version": "3.0.0",
			"resolved": "https://registry.npmjs.org/cssesc/-/cssesc-3.0.0.tgz",
			"integrity": "sha512-/Tb/JcjK111nNScGob5MNtsntNM1aCNUDipB/TkwZFhyDrrE47SOx/18wF2bbjgc3ZzCSKW1T5nt5EbFoAz/Vg=="
		},
		"electron-to-chromium": {
			"version": "1.3.743",
			"resolved": "https://registry.npmjs.org/electron-to-chromium/-/electron-to-chromium-1.3.743.tgz",
			"integrity": "sha512-K2wXfo9iZQzNJNx67+Pld0DRF+9bYinj62gXCdgPhcu1vidwVuLPHQPPFnCdO55njWigXXpfBiT90jGUPbw8Zg=="
		},
		"emojis-list": {
			"version": "3.0.0",
			"resolved": "https://registry.npmjs.org/emojis-list/-/emojis-list-3.0.0.tgz",
			"integrity": "sha512-/kyM18EfinwXZbno9FyUGeFh87KC8HRQBQGildHZbEuRyWFOmv1U10o9BBp8XVZDVNNuQKyIGIu5ZYAAXJ0V2Q==",
			"dev": true
		},
		"enhanced-resolve": {
			"version": "5.8.2",
			"resolved": "https://registry.npmjs.org/enhanced-resolve/-/enhanced-resolve-5.8.2.tgz",
			"integrity": "sha512-F27oB3WuHDzvR2DOGNTaYy0D5o0cnrv8TeI482VM4kYgQd/FT9lUQwuNsJ0oOHtBUq7eiW5ytqzp7nBFknL+GA==",
			"requires": {
				"graceful-fs": "^4.2.4",
				"tapable": "^2.2.0"
			}
		},
		"es-module-lexer": {
			"version": "0.4.1",
			"resolved": "https://registry.npmjs.org/es-module-lexer/-/es-module-lexer-0.4.1.tgz",
			"integrity": "sha512-ooYciCUtfw6/d2w56UVeqHPcoCFAiJdz5XOkYpv/Txl1HMUozpXjz/2RIQgqwKdXNDPSF1W7mJCFse3G+HDyAA=="
		},
		"escalade": {
			"version": "3.1.1",
			"resolved": "https://registry.npmjs.org/escalade/-/escalade-3.1.1.tgz",
			"integrity": "sha512-k0er2gUkLf8O0zKJiAhmkTnJlTvINGv7ygDNPbeIsX/TJjGJZHuh9B2UxbsaEkmlEo9MfhrSzmhIlhRlI2GXnw=="
		},
		"eslint-scope": {
			"version": "5.1.1",
			"resolved": "https://registry.npmjs.org/eslint-scope/-/eslint-scope-5.1.1.tgz",
			"integrity": "sha512-2NxwbF/hZ0KpepYN0cNbo+FN6XoK7GaHlQhgx/hIZl6Va0bF45RQOOwhLIy8lQDbuCiadSLCBnH2CFYquit5bw==",
			"requires": {
				"esrecurse": "^4.3.0",
				"estraverse": "^4.1.1"
			}
		},
		"esrecurse": {
			"version": "4.3.0",
			"resolved": "https://registry.npmjs.org/esrecurse/-/esrecurse-4.3.0.tgz",
			"integrity": "sha512-KmfKL3b6G+RXvP8N1vr3Tq1kL/oCFgn2NYXEtqP8/L3pKapUA4G8cFVaoF3SU323CD4XypR/ffioHmkti6/Tag==",
			"requires": {
				"estraverse": "^5.2.0"
			},
			"dependencies": {
				"estraverse": {
					"version": "5.2.0",
					"resolved": "https://registry.npmjs.org/estraverse/-/estraverse-5.2.0.tgz",
					"integrity": "sha512-BxbNGGNm0RyRYvUdHpIwv9IWzeM9XClbOxwoATuFdOE7ZE6wHL+HQ5T8hoPM+zHvmKzzsEqhgy0GrQ5X13afiQ=="
				}
			}
		},
		"estraverse": {
			"version": "4.3.0",
			"resolved": "https://registry.npmjs.org/estraverse/-/estraverse-4.3.0.tgz",
			"integrity": "sha512-39nnKffWz8xN1BU/2c79n9nB9HDzo0niYUqx6xyqUnyoAnQyyWpOTdZEeiCch8BBu515t4wp9ZmgVfVhn9EBpw=="
		},
		"events": {
			"version": "3.3.0",
			"resolved": "https://registry.npmjs.org/events/-/events-3.3.0.tgz",
			"integrity": "sha512-mQw+2fkQbALzQ7V0MY0IqdnXNOeTtP4r0lN9z7AAawCXgqea7bDii20AYrIBrFd/Hx0M2Ocz6S111CaFkUcb0Q=="
		},
		"fast-deep-equal": {
			"version": "3.1.3",
			"resolved": "https://registry.npmjs.org/fast-deep-equal/-/fast-deep-equal-3.1.3.tgz",
			"integrity": "sha512-f3qQ9oQy9j2AhBe/H9VC91wLmKBCCU/gDOnKNAYG5hswO7BLKj09Hc5HYNz9cGI++xlpDCIgDaitVs03ATR84Q=="
		},
		"fast-json-stable-stringify": {
			"version": "2.1.0",
			"resolved": "https://registry.npmjs.org/fast-json-stable-stringify/-/fast-json-stable-stringify-2.1.0.tgz",
			"integrity": "sha512-lhd/wF+Lk98HZoTCtlVraHtfh5XYijIjalXck7saUtuanSDyLMxnHhSXEDJqHxD7msR8D0uCmqlkwjCV8xvwHw=="
		},
		"fs.realpath": {
			"version": "1.0.0",
			"resolved": "https://registry.npmjs.org/fs.realpath/-/fs.realpath-1.0.0.tgz",
			"integrity": "sha1-FQStJSMVjKpA20onh8sBQRmU6k8="
		},
		"glob": {
			"version": "7.1.6",
			"resolved": "https://registry.npmjs.org/glob/-/glob-7.1.6.tgz",
			"integrity": "sha512-LwaxwyZ72Lk7vZINtNNrywX0ZuLyStrdDtabefZKAY5ZGJhVtgdznluResxNmPitE0SAO+O26sWTHeKSI2wMBA==",
			"requires": {
				"fs.realpath": "^1.0.0",
				"inflight": "^1.0.4",
				"inherits": "2",
				"minimatch": "^3.0.4",
				"once": "^1.3.0",
				"path-is-absolute": "^1.0.0"
			}
		},
		"glob-to-regexp": {
			"version": "0.4.1",
			"resolved": "https://registry.npmjs.org/glob-to-regexp/-/glob-to-regexp-0.4.1.tgz",
			"integrity": "sha512-lkX1HJXwyMcprw/5YUZc2s7DrpAiHB21/V+E1rHUrVNokkvB6bqMzT0VfV6/86ZNabt1k14YOIaT7nDvOX3Iiw=="
		},
		"graceful-fs": {
			"version": "4.2.6",
			"resolved": "https://registry.npmjs.org/graceful-fs/-/graceful-fs-4.2.6.tgz",
			"integrity": "sha512-nTnJ528pbqxYanhpDYsi4Rd8MAeaBA67+RZ10CM1m3bTAVFEDcd5AuA4a6W5YkGZ1iNXHzZz8T6TBKLeBuNriQ=="
		},
		"has-flag": {
			"version": "4.0.0",
			"resolved": "https://registry.npmjs.org/has-flag/-/has-flag-4.0.0.tgz",
			"integrity": "sha512-EykJT/Q1KjTWctppgIAgfSO0tKVuZUjhgMr17kqTumMl6Afv3EISleU7qZUzoXDFTAHTDC4NOoG/ZxU3EvlMPQ=="
		},
		"icss-utils": {
			"version": "5.1.0",
			"resolved": "https://registry.npmjs.org/icss-utils/-/icss-utils-5.1.0.tgz",
			"integrity": "sha512-soFhflCVWLfRNOPU3iv5Z9VUdT44xFRbzjLsEzSr5AQmgqPMTHdU3PMT1Cf1ssx8fLNJDA1juftYl+PUcv3MqA==",
			"dev": true
		},
		"inflight": {
			"version": "1.0.6",
			"resolved": "https://registry.npmjs.org/inflight/-/inflight-1.0.6.tgz",
			"integrity": "sha1-Sb1jMdfQLQwJvJEKEHW6gWW1bfk=",
			"requires": {
				"once": "^1.3.0",
				"wrappy": "1"
			}
		},
		"inherits": {
			"version": "2.0.4",
			"resolved": "https://registry.npmjs.org/inherits/-/inherits-2.0.4.tgz",
			"integrity": "sha512-k/vGaX4/Yla3WzyMCvTQOXYeIHvqOKtnqBduzTHpzpQZzAskKMhZ2K+EnBiSM9zGSoIFeMpXKxa4dYeZIQqewQ=="
		},
		"jest-worker": {
			"version": "27.0.2",
			"resolved": "https://registry.npmjs.org/jest-worker/-/jest-worker-27.0.2.tgz",
			"integrity": "sha512-EoBdilOTTyOgmHXtw/cPc+ZrCA0KJMrkXzkrPGNwLmnvvlN1nj7MPrxpT7m+otSv2e1TLaVffzDnE/LB14zJMg==",
			"requires": {
				"@types/node": "*",
				"merge-stream": "^2.0.0",
				"supports-color": "^8.0.0"
			}
		},
		"json-parse-better-errors": {
			"version": "1.0.2",
			"resolved": "https://registry.npmjs.org/json-parse-better-errors/-/json-parse-better-errors-1.0.2.tgz",
			"integrity": "sha512-mrqyZKfX5EhL7hvqcV6WG1yYjnjeuYDzDhhcAAUrq8Po85NBQBJP+ZDUT75qZQ98IkUoBqdkExkukOU7Ts2wrw=="
		},
		"json-schema-traverse": {
			"version": "0.4.1",
			"resolved": "https://registry.npmjs.org/json-schema-traverse/-/json-schema-traverse-0.4.1.tgz",
			"integrity": "sha512-xbbCH5dCYU5T8LcEhhuh7HJ88HXuW3qsI3Y0zOZFKfZEHcpWiHU/Jxzk629Brsab/mMiHQti9wMP+845RPe3Vg=="
		},
		"json5": {
			"version": "2.1.3",
			"resolved": "https://registry.npmjs.org/json5/-/json5-2.1.3.tgz",
			"integrity": "sha512-KXPvOm8K9IJKFM0bmdn8QXh7udDh1g/giieX0NLCaMnb4hEiVFqnop2ImTXCc5e0/oHz3LTqmHGtExn5hfMkOA==",
			"dev": true,
			"requires": {
				"minimist": "^1.2.5"
			}
		},
		"loader-runner": {
			"version": "4.2.0",
			"resolved": "https://registry.npmjs.org/loader-runner/-/loader-runner-4.2.0.tgz",
			"integrity": "sha512-92+huvxMvYlMzMt0iIOukcwYBFpkYJdpl2xsZ7LrlayO7E8SOv+JJUEK17B/dJIHAOLMfh2dZZ/Y18WgmGtYNw=="
		},
		"loader-utils": {
			"version": "2.0.0",
			"resolved": "https://registry.npmjs.org/loader-utils/-/loader-utils-2.0.0.tgz",
			"integrity": "sha512-rP4F0h2RaWSvPEkD7BLDFQnvSf+nK+wr3ESUjNTyAGobqrijmW92zc+SO6d4p4B1wh7+B/Jg1mkQe5NYUEHtHQ==",
			"dev": true,
			"requires": {
				"big.js": "^5.2.2",
				"emojis-list": "^3.0.0",
				"json5": "^2.1.2"
			}
		},
		"lru-cache": {
			"version": "6.0.0",
			"resolved": "https://registry.npmjs.org/lru-cache/-/lru-cache-6.0.0.tgz",
			"integrity": "sha512-Jo6dJ04CmSjuznwJSS3pUeWmd/H0ffTlkXXgwZi+eq1UCmqQwCh+eLsYOYCwY991i2Fah4h1BEMCx4qThGbsiA==",
			"dev": true,
			"requires": {
				"yallist": "^4.0.0"
			}
		},
		"merge-stream": {
			"version": "2.0.0",
			"resolved": "https://registry.npmjs.org/merge-stream/-/merge-stream-2.0.0.tgz",
			"integrity": "sha512-abv/qOcuPfk3URPfDzmZU1LKmuw8kT+0nIHvKrKgFrwifol/doWcdA4ZqsWQ8ENrFKkd67Mfpo/LovbIUsbt3w=="
		},
		"mime-db": {
			"version": "1.47.0",
			"resolved": "https://registry.npmjs.org/mime-db/-/mime-db-1.47.0.tgz",
			"integrity": "sha512-QBmA/G2y+IfeS4oktet3qRZ+P5kPhCKRXxXnQEudYqUaEioAU1/Lq2us3D/t1Jfo4hE9REQPrbB7K5sOczJVIw=="
		},
		"mime-types": {
			"version": "2.1.30",
			"resolved": "https://registry.npmjs.org/mime-types/-/mime-types-2.1.30.tgz",
			"integrity": "sha512-crmjA4bLtR8m9qLpHvgxSChT+XoSlZi8J4n/aIdn3z92e/U47Z0V/yl+Wh9W046GgFVAmoNR/fmdbZYcSSIUeg==",
			"requires": {
				"mime-db": "1.47.0"
			}
		},
		"mini-css-extract-plugin": {
			"version": "1.6.0",
			"resolved": "https://registry.npmjs.org/mini-css-extract-plugin/-/mini-css-extract-plugin-1.6.0.tgz",
			"integrity": "sha512-nPFKI7NSy6uONUo9yn2hIfb9vyYvkFu95qki0e21DQ9uaqNKDP15DGpK0KnV6wDroWxPHtExrdEwx/yDQ8nVRw==",
			"dev": true,
			"requires": {
				"loader-utils": "^2.0.0",
				"schema-utils": "^3.0.0",
				"webpack-sources": "^1.1.0"
			},
			"dependencies": {
				"webpack-sources": {
					"version": "1.4.3",
					"resolved": "https://registry.npmjs.org/webpack-sources/-/webpack-sources-1.4.3.tgz",
					"integrity": "sha512-lgTS3Xhv1lCOKo7SA5TjKXMjpSM4sBjNV5+q2bqesbSPs5FjGmU6jjtBSkX9b4qW87vDIsCIlUPOEhbZrMdjeQ==",
					"dev": true,
					"requires": {
						"source-list-map": "^2.0.0",
						"source-map": "~0.6.1"
					}
				}
			}
		},
		"minimatch": {
			"version": "3.0.4",
			"resolved": "https://registry.npmjs.org/minimatch/-/minimatch-3.0.4.tgz",
			"integrity": "sha512-yJHVQEhyqPLUTgt9B83PXu6W3rx4MvvHvSUvToogpwoGDOUQ+yDrR0HRot+yOCdCO7u4hX3pWft6kWBBcqh0UA==",
			"requires": {
				"brace-expansion": "^1.1.7"
			}
		},
		"minimist": {
			"version": "1.2.5",
			"resolved": "https://registry.npmjs.org/minimist/-/minimist-1.2.5.tgz",
			"integrity": "sha512-FM9nNUYrRBAELZQT3xeZQ7fmMOBg6nWNmJKTcgsJeaLstP/UODVpGsr5OhXhhXg6f+qtJ8uiZ+PUxkDWcgIXLw==",
			"dev": true
		},
		"nanoid": {
			"version": "3.1.22",
			"resolved": "https://registry.npmjs.org/nanoid/-/nanoid-3.1.22.tgz",
			"integrity": "sha512-/2ZUaJX2ANuLtTvqTlgqBQNJoQO398KyJgZloL0PZkC0dpysjncRUPsFe3DUPzz/y3h+u7C46np8RMuvF3jsSQ=="
		},
		"neo-async": {
			"version": "2.6.2",
			"resolved": "https://registry.npmjs.org/neo-async/-/neo-async-2.6.2.tgz",
			"integrity": "sha512-Yd3UES5mWCSqR+qNT93S3UoYUkqAZ9lLg8a7g9rimsWmYGK8cVToA4/sF3RrshdyV3sAGMXVUmpMYOw+dLpOuw=="
		},
		"node-releases": {
			"version": "1.1.72",
			"resolved": "https://registry.npmjs.org/node-releases/-/node-releases-1.1.72.tgz",
			"integrity": "sha512-LLUo+PpH3dU6XizX3iVoubUNheF/owjXCZZ5yACDxNnPtgFuludV1ZL3ayK1kVep42Rmm0+R9/Y60NQbZ2bifw=="
		},
		"once": {
			"version": "1.4.0",
			"resolved": "https://registry.npmjs.org/once/-/once-1.4.0.tgz",
			"integrity": "sha1-WDsap3WWHUsROsF9nFC6753Xa9E=",
			"requires": {
				"wrappy": "1"
			}
		},
		"p-limit": {
			"version": "3.1.0",
			"resolved": "https://registry.npmjs.org/p-limit/-/p-limit-3.1.0.tgz",
			"integrity": "sha512-TYOanM3wGwNGsZN2cVTYPArw454xnXj5qmWF1bEoAc4+cU/ol7GVh7odevjp1FNHduHc3KZMcFduxU5Xc6uJRQ==",
			"requires": {
				"yocto-queue": "^0.1.0"
			}
		},
		"path-is-absolute": {
			"version": "1.0.1",
			"resolved": "https://registry.npmjs.org/path-is-absolute/-/path-is-absolute-1.0.1.tgz",
			"integrity": "sha1-F0uSaHNVNP+8es5r9TpanhtcX18="
		},
		"postcss": {
			"version": "8.2.13",
			"resolved": "https://registry.npmjs.org/postcss/-/postcss-8.2.13.tgz",
			"integrity": "sha512-FCE5xLH+hjbzRdpbRb1IMCvPv9yZx2QnDarBEYSN0N0HYk+TcXsEhwdFcFb+SRWOKzKGErhIEbBK2ogyLdTtfQ==",
			"requires": {
				"colorette": "^1.2.2",
				"nanoid": "^3.1.22",
				"source-map": "^0.6.1"
			},
			"dependencies": {
				"colorette": {
					"version": "1.2.2",
					"resolved": "https://registry.npmjs.org/colorette/-/colorette-1.2.2.tgz",
					"integrity": "sha512-MKGMzyfeuutC/ZJ1cba9NqcNpfeqMUcYmyF1ZFY6/Cn7CNSAKx6a+s48sqLqyAiZuaP2TcqMhoo+dlwFnVxT9w=="
				}
			}
		},
		"postcss-modules-extract-imports": {
			"version": "3.0.0",
			"resolved": "https://registry.npmjs.org/postcss-modules-extract-imports/-/postcss-modules-extract-imports-3.0.0.tgz",
			"integrity": "sha512-bdHleFnP3kZ4NYDhuGlVK+CMrQ/pqUm8bx/oGL93K6gVwiclvX5x0n76fYMKuIGKzlABOy13zsvqjb0f92TEXw==",
			"dev": true
		},
		"postcss-modules-local-by-default": {
			"version": "4.0.0",
			"resolved": "https://registry.npmjs.org/postcss-modules-local-by-default/-/postcss-modules-local-by-default-4.0.0.tgz",
			"integrity": "sha512-sT7ihtmGSF9yhm6ggikHdV0hlziDTX7oFoXtuVWeDd3hHObNkcHRo9V3yg7vCAY7cONyxJC/XXCmmiHHcvX7bQ==",
			"dev": true,
			"requires": {
				"icss-utils": "^5.0.0",
				"postcss-selector-parser": "^6.0.2",
				"postcss-value-parser": "^4.1.0"
			}
		},
		"postcss-modules-scope": {
			"version": "3.0.0",
			"resolved": "https://registry.npmjs.org/postcss-modules-scope/-/postcss-modules-scope-3.0.0.tgz",
			"integrity": "sha512-hncihwFA2yPath8oZ15PZqvWGkWf+XUfQgUGamS4LqoP1anQLOsOJw0vr7J7IwLpoY9fatA2qiGUGmuZL0Iqlg==",
			"dev": true,
			"requires": {
				"postcss-selector-parser": "^6.0.4"
			}
		},
		"postcss-modules-values": {
			"version": "4.0.0",
			"resolved": "https://registry.npmjs.org/postcss-modules-values/-/postcss-modules-values-4.0.0.tgz",
			"integrity": "sha512-RDxHkAiEGI78gS2ofyvCsu7iycRv7oqw5xMWn9iMoR0N/7mf9D50ecQqUo5BZ9Zh2vH4bCUR/ktCqbB9m8vJjQ==",
			"dev": true,
			"requires": {
				"icss-utils": "^5.0.0"
			}
		},
		"postcss-selector-parser": {
			"version": "6.0.5",
			"resolved": "https://registry.npmjs.org/postcss-selector-parser/-/postcss-selector-parser-6.0.5.tgz",
			"integrity": "sha512-aFYPoYmXbZ1V6HZaSvat08M97A8HqO6Pjz+PiNpw/DhuRrC72XWAdp3hL6wusDCN31sSmcZyMGa2hZEuX+Xfhg==",
			"requires": {
				"cssesc": "^3.0.0",
				"util-deprecate": "^1.0.2"
			}
		},
		"postcss-value-parser": {
			"version": "4.1.0",
			"resolved": "https://registry.npmjs.org/postcss-value-parser/-/postcss-value-parser-4.1.0.tgz",
			"integrity": "sha512-97DXOFbQJhk71ne5/Mt6cOu6yxsSfM0QGQyl0L25Gca4yGWEGJaig7l7gbCX623VqTBNGLRLaVUCnNkcedlRSQ==",
			"dev": true
		},
		"punycode": {
			"version": "2.1.1",
			"resolved": "https://registry.npmjs.org/punycode/-/punycode-2.1.1.tgz",
			"integrity": "sha512-XRsRjdf+j5ml+y/6GKHPZbrF/8p2Yga0JPtdqTIY2Xe5ohJPD9saDJJLPvp9+NSBprVvevdXZybnj2cv8OEd0A=="
		},
		"purgecss": {
			"version": "4.0.3",
			"resolved": "https://registry.npmjs.org/purgecss/-/purgecss-4.0.3.tgz",
			"integrity": "sha512-PYOIn5ibRIP34PBU9zohUcCI09c7drPJJtTDAc0Q6QlRz2/CHQ8ywGLdE7ZhxU2VTqB7p5wkvj5Qcm05Rz3Jmw==",
			"requires": {
				"commander": "^6.0.0",
				"glob": "^7.0.0",
				"postcss": "^8.2.1",
				"postcss-selector-parser": "^6.0.2"
			},
			"dependencies": {
				"commander": {
					"version": "6.2.1",
					"resolved": "https://registry.npmjs.org/commander/-/commander-6.2.1.tgz",
					"integrity": "sha512-U7VdrJFnJgo4xjrHpTzu0yrHPGImdsmD95ZlgYSEajAn2JKzDhDTPG9kBTefmObL2w/ngeZnilk+OV9CG3d7UA=="
				}
			}
		},
		"randombytes": {
			"version": "2.1.0",
			"resolved": "https://registry.npmjs.org/randombytes/-/randombytes-2.1.0.tgz",
			"integrity": "sha512-vYl3iOX+4CKUWuxGi9Ukhie6fsqXqS9FE2Zaic4tNFD2N2QQaXOMFbuKK4QmDHC0JO6B1Zp41J0LpT0oR68amQ==",
			"requires": {
				"safe-buffer": "^5.1.0"
			}
		},
		"safe-buffer": {
			"version": "5.2.1",
			"resolved": "https://registry.npmjs.org/safe-buffer/-/safe-buffer-5.2.1.tgz",
			"integrity": "sha512-rp3So07KcdmmKbGvgaNxQSJr7bGVSVk5S9Eq1F+ppbRo70+YeaDxkw5Dd8NPN+GD6bjnYm2VuPuCXmpuYvmCXQ=="
		},
		"schema-utils": {
			"version": "3.0.0",
			"resolved": "https://registry.npmjs.org/schema-utils/-/schema-utils-3.0.0.tgz",
			"integrity": "sha512-6D82/xSzO094ajanoOSbe4YvXWMfn2A//8Y1+MUqFAJul5Bs+yn36xbK9OtNDcRVSBJ9jjeoXftM6CfztsjOAA==",
			"requires": {
				"@types/json-schema": "^7.0.6",
				"ajv": "^6.12.5",
				"ajv-keywords": "^3.5.2"
			}
		},
		"semver": {
			"version": "7.3.5",
			"resolved": "https://registry.npmjs.org/semver/-/semver-7.3.5.tgz",
			"integrity": "sha512-PoeGJYh8HK4BTO/a9Tf6ZG3veo/A7ZVsYrSA6J8ny9nb3B1VrpkuN+z9OE5wfE5p6H4LchYZsegiQgbJD94ZFQ==",
			"dev": true,
			"requires": {
				"lru-cache": "^6.0.0"
			}
		},
		"serialize-javascript": {
			"version": "5.0.1",
			"resolved": "https://registry.npmjs.org/serialize-javascript/-/serialize-javascript-5.0.1.tgz",
			"integrity": "sha512-SaaNal9imEO737H2c05Og0/8LUXG7EnsZyMa8MzkmuHoELfT6txuj0cMqRj6zfPKnmQ1yasR4PCJc8x+M4JSPA==",
			"requires": {
				"randombytes": "^2.1.0"
			}
		},
		"source-list-map": {
			"version": "2.0.1",
			"resolved": "https://registry.npmjs.org/source-list-map/-/source-list-map-2.0.1.tgz",
			"integrity": "sha512-qnQ7gVMxGNxsiL4lEuJwe/To8UnK7fAnmbGEEH8RpLouuKbeEm0lhbQVFIrNSuB+G7tVrAlVsZgETT5nljf+Iw=="
		},
		"source-map": {
			"version": "0.6.1",
			"resolved": "https://registry.npmjs.org/source-map/-/source-map-0.6.1.tgz",
			"integrity": "sha512-UjgapumWlbMhkBgzT7Ykc5YXUT46F0iKu8SGXq0bcwP5dz/h0Plj6enJqjz1Zbq2l5WaqYnrVbwWOWMyF3F47g=="
		},
		"source-map-js": {
			"version": "0.6.2",
			"resolved": "https://registry.npmjs.org/source-map-js/-/source-map-js-0.6.2.tgz",
			"integrity": "sha512-/3GptzWzu0+0MBQFrDKzw/DvvMTUORvgY6k6jd/VS6iCR4RDTKWH6v6WPwQoUO8667uQEf9Oe38DxAYWY5F/Ug==",
			"dev": true
		},
		"source-map-support": {
			"version": "0.5.19",
			"resolved": "https://registry.npmjs.org/source-map-support/-/source-map-support-0.5.19.tgz",
			"integrity": "sha512-Wonm7zOCIJzBGQdB+thsPar0kYuCIzYvxZwlBa87yi/Mdjv7Tip2cyVbLj5o0cFPN4EVkuTwb3GDDyUx2DGnGw==",
			"requires": {
				"buffer-from": "^1.0.0",
				"source-map": "^0.6.0"
			}
		},
		"supports-color": {
			"version": "8.1.1",
			"resolved": "https://registry.npmjs.org/supports-color/-/supports-color-8.1.1.tgz",
			"integrity": "sha512-MpUEN2OodtUzxvKQl72cUF7RQ5EiHsGvSsVG0ia9c5RbWGL2CI4C7EpPS8UTBIplnlzZiNuV56w+FuNxy3ty2Q==",
			"requires": {
				"has-flag": "^4.0.0"
			}
		},
		"tapable": {
			"version": "2.2.0",
			"resolved": "https://registry.npmjs.org/tapable/-/tapable-2.2.0.tgz",
			"integrity": "sha512-FBk4IesMV1rBxX2tfiK8RAmogtWn53puLOQlvO8XuwlgxcYbP4mVPS9Ph4aeamSyyVjOl24aYWAuc8U5kCVwMw=="
		},
		"terser": {
			"version": "5.7.0",
			"resolved": "https://registry.npmjs.org/terser/-/terser-5.7.0.tgz",
			"integrity": "sha512-HP5/9hp2UaZt5fYkuhNBR8YyRcT8juw8+uFbAme53iN9hblvKnLUTKkmwJG6ocWpIKf8UK4DoeWG4ty0J6S6/g==",
			"requires": {
				"commander": "^2.20.0",
				"source-map": "~0.7.2",
				"source-map-support": "~0.5.19"
			},
			"dependencies": {
				"source-map": {
					"version": "0.7.3",
					"resolved": "https://registry.npmjs.org/source-map/-/source-map-0.7.3.tgz",
					"integrity": "sha512-CkCj6giN3S+n9qrYiBTX5gystlENnRW5jZeNLHpe6aue+SrHcG5VYwujhW9s4dY31mEGsxBDrHR6oI69fTXsaQ=="
				}
			}
		},
		"terser-webpack-plugin": {
			"version": "5.1.3",
			"resolved": "https://registry.npmjs.org/terser-webpack-plugin/-/terser-webpack-plugin-5.1.3.tgz",
			"integrity": "sha512-cxGbMqr6+A2hrIB5ehFIF+F/iST5ZOxvOmy9zih9ySbP1C2oEWQSOUS+2SNBTjzx5xLKO4xnod9eywdfq1Nb9A==",
			"requires": {
				"jest-worker": "^27.0.2",
				"p-limit": "^3.1.0",
				"schema-utils": "^3.0.0",
				"serialize-javascript": "^5.0.1",
				"source-map": "^0.6.1",
				"terser": "^5.7.0"
			}
		},
		"uri-js": {
			"version": "4.4.0",
			"resolved": "https://registry.npmjs.org/uri-js/-/uri-js-4.4.0.tgz",
			"integrity": "sha512-B0yRTzYdUCCn9n+F4+Gh4yIDtMQcaJsmYBDsTSG8g/OejKBodLQ2IHfN3bM7jUsRXndopT7OIXWdYqc1fjmV6g==",
			"requires": {
				"punycode": "^2.1.0"
			}
		},
		"util-deprecate": {
			"version": "1.0.2",
			"resolved": "https://registry.npmjs.org/util-deprecate/-/util-deprecate-1.0.2.tgz",
			"integrity": "sha1-RQ1Nyfpw3nMnYvvS1KKJgUGaDM8="
		},
		"watchpack": {
			"version": "2.2.0",
			"resolved": "https://registry.npmjs.org/watchpack/-/watchpack-2.2.0.tgz",
			"integrity": "sha512-up4YAn/XHgZHIxFBVCdlMiWDj6WaLKpwVeGQk2I5thdYxF/KmF0aaz6TfJZ/hfl1h/XlcDr7k1KH7ThDagpFaA==",
			"requires": {
				"glob-to-regexp": "^0.4.1",
				"graceful-fs": "^4.1.2"
			}
		},
		"webpack": {
			"version": "5.38.1",
			"resolved": "https://registry.npmjs.org/webpack/-/webpack-5.38.1.tgz",
			"integrity": "sha512-OqRmYD1OJbHZph6RUMD93GcCZy4Z4wC0ele4FXyYF0J6AxO1vOSuIlU1hkS/lDlR9CDYBz64MZRmdbdnFFoT2g==",
			"requires": {
				"@types/eslint-scope": "^3.7.0",
				"@types/estree": "^0.0.47",
				"@webassemblyjs/ast": "1.11.0",
				"@webassemblyjs/wasm-edit": "1.11.0",
				"@webassemblyjs/wasm-parser": "1.11.0",
				"acorn": "^8.2.1",
				"browserslist": "^4.14.5",
				"chrome-trace-event": "^1.0.2",
				"enhanced-resolve": "^5.8.0",
				"es-module-lexer": "^0.4.0",
				"eslint-scope": "5.1.1",
				"events": "^3.2.0",
				"glob-to-regexp": "^0.4.1",
				"graceful-fs": "^4.2.4",
				"json-parse-better-errors": "^1.0.2",
				"loader-runner": "^4.2.0",
				"mime-types": "^2.1.27",
				"neo-async": "^2.6.2",
				"schema-utils": "^3.0.0",
				"tapable": "^2.1.1",
				"terser-webpack-plugin": "^5.1.1",
				"watchpack": "^2.2.0",
				"webpack-sources": "^2.3.0"
			},
			"dependencies": {
				"webpack-sources": {
					"version": "2.3.0",
					"resolved": "https://registry.npmjs.org/webpack-sources/-/webpack-sources-2.3.0.tgz",
					"integrity": "sha512-WyOdtwSvOML1kbgtXbTDnEW0jkJ7hZr/bDByIwszhWd/4XX1A3XMkrbFMsuH4+/MfLlZCUzlAdg4r7jaGKEIgQ==",
					"requires": {
						"source-list-map": "^2.0.1",
						"source-map": "^0.6.1"
					}
				}
			}
		},
		"webpack-sources": {
			"version": "2.2.0",
			"resolved": "https://registry.npmjs.org/webpack-sources/-/webpack-sources-2.2.0.tgz",
			"integrity": "sha512-bQsA24JLwcnWGArOKUxYKhX3Mz/nK1Xf6hxullKERyktjNMC4x8koOeaDNTA2fEJ09BdWLbM/iTW0ithREUP0w==",
			"requires": {
				"source-list-map": "^2.0.1",
				"source-map": "^0.6.1"
			}
		},
		"wrappy": {
			"version": "1.0.2",
			"resolved": "https://registry.npmjs.org/wrappy/-/wrappy-1.0.2.tgz",
			"integrity": "sha1-tSQ9jz7BqjXxNkYFvA0QNuMKtp8="
		},
		"yallist": {
			"version": "4.0.0",
			"resolved": "https://registry.npmjs.org/yallist/-/yallist-4.0.0.tgz",
			"integrity": "sha512-3wdGidZyq5PB084XLES5TpOSRA3wjXAlIWMhum2kRcv/41Sn2emQ0dycQW4uZXLejwKvg6EsvbdlVL+FYEct7A==",
			"dev": true
		},
		"yocto-queue": {
			"version": "0.1.0",
			"resolved": "https://registry.npmjs.org/yocto-queue/-/yocto-queue-0.1.0.tgz",
			"integrity": "sha512-rVksvsnNCdJ/ohGc6xgPwyN8eheCxsiLM8mxuE/t/mOVqJewPuO1miLpTHQiRgTKCLexL4MeAFVagts7HmNZ2Q=="
		}
	}
}
